{
  "name": "ハッカソン2023",
  "lockfileVersion": 2,
  "requires": true,
  "packages": {
    "": {
      "dependencies": {
        "ress": "^5.0.2"
      }
    },
    "node_modules/ress": {
      "version": "5.0.2",
      "resolved": "https://registry.npmjs.org/ress/-/ress-5.0.2.tgz",
      "integrity": "sha512-oHBtOWo/Uc8SzQMbQNIKTcgi8wKmAs7IlNlRywmXudbOtF+c27FlOIq7tnwLDVcTywe6JXYo1pDXHO6kABwNYA=="
    }
  },
  "dependencies": {
    "ress": {
      "version": "5.0.2",
      "resolved": "https://registry.npmjs.org/ress/-/ress-5.0.2.tgz",
      "integrity": "sha512-oHBtOWo/Uc8SzQMbQNIKTcgi8wKmAs7IlNlRywmXudbOtF+c27FlOIq7tnwLDVcTywe6JXYo1pDXHO6kABwNYA=="
    }
  }
}
